
Microsoft Visual Studio Solution File, Format Version 12.00
# Visual Studio 15
Project("{FAE04EC0-301F-11D3-BF4B-00C04F79EFBC}") = "Practica02", "Practica02\Practica02.csproj", "{319287A8-87C9-49BA-89A2-138C9FA979DB}"
EndProject
Global
	GlobalSection(SolutionConfigurationPlatforms) = preSolution
		Debug|Any CPU = Debug|Any CPU
		Release|Any CPU = Release|Any CPU
	EndGlobalSection
	GlobalSection(ProjectConfigurationPlatforms) = postSolution
		{319287A8-87C9-49BA-89A2-138C9FA979DB}.Debug|Any CPU.ActiveCfg = Debug|Any CPU
		{319287A8-87C9-49BA-89A2-138C9FA979DB}.Debug|Any CPU.Build.0 = Debug|Any CPU
		{319287A8-87C9-49BA-89A2-138C9FA979DB}.Release|Any CPU.ActiveCfg = Release|Any CPU
		{319287A8-87C9-49BA-89A2-138C9FA979DB}.Release|Any CPU.Build.0 = Release|Any CPU
	EndGlobalSection
EndGlobal
